{
  "name": "@konitif/tools",
  "version": "0.284.7",
  "lockfileVersion": 3,
  "requires": true,
  "packages": {
    "": {
      "name": "@konitif/tools",
      "version": "0.284.7",
      "license": "PolyForm-Noncommercial-1.0.0",
      "dependencies": {
        "@konitif/core": "0.284.2"
      },
      "devDependencies": {
        "typescript": "5.9.3"
      }
    },
    "node_modules/@konitif/core": {
      "version": "0.284.2",
      "resolved": "https://registry.npmjs.org/@konitif/core/-/core-0.284.2.tgz",
      "integrity": "sha512-OcvBwJXrSWiRPU+pDBmeGsUikyhFqk1f0OlCpVWJfYbRC8xWICJTBBHh3vkIf/xSfR5lt3YZT0UTq1NoIdMSNQ==",
      "license": "PolyForm-Noncommercial-1.0.0"
    },
    "node_modules/typescript": {
      "version": "5.9.3",
      "resolved": "https://registry.npmjs.org/typescript/-/typescript-5.9.3.tgz",
      "integrity": "sha512-jl1vZzPDinLr9eUt3J/t7V6FgNEw9QjvBPdysz9KfQDD41fQrC2Y4vKQdiaUpFT4bXlb1RHhLpp8wtm6M5TgSw==",
      "dev": true,
      "license": "Apache-2.0",
      "bin": {
        "tsc": "bin/tsc",
        "tsserver": "bin/tsserver"
      },
      "engines": {
        "node": ">=14.17"
      }
    }
  }
}
